{
  "name": "comp308-w2019-lesson2",
  "version": "1.0.0",
  "lockfileVersion": 1,
  "requires": true,
  "dependencies": {
    "@types/node": {
      "version": "10.12.22",
      "resolved": "https://registry.npmjs.org/@types/node/-/node-10.12.22.tgz",
      "integrity": "sha512-sozsyYqmHUD1OKzMb61UH4Es1oMLLA4g4eX6Zu1i8ZpG1sTlmZClL9ZU9GuNQQ2fHDKmaRUWlDSvzQ/aIDaIiQ==",
      "dev": true
    }
  }
}
